
Microsoft Visual Studio Solution File, Format Version 12.00
# Visual Studio Version 17
VisualStudioVersion = 17.3.32819.101
MinimumVisualStudioVersion = 10.0.40219.1
Project("{9A19103F-16F7-4668-BE54-9A1E7A4F7556}") = "Infrastructure", "Infrastructure\Infrastructure.csproj", "{E043CAF0-7448-46EF-B89A-0C819E1CA198}"
EndProject
Project("{9A19103F-16F7-4668-BE54-9A1E7A4F7556}") = "Business", "Business\Business.csproj", "{A4E0ACF3-EA33-4AA2-AB47-E386D5435071}"
EndProject
Project("{9A19103F-16F7-4668-BE54-9A1E7A4F7556}") = "DataAccess", "DataAccess\DataAccess.csproj", "{413B4BCF-4694-41E0-A569-1C623F7E8C0E}"
EndProject
Project("{9A19103F-16F7-4668-BE54-9A1E7A4F7556}") = "Models", "Models\Models.csproj", "{6305D9D2-9291-4D74-8FDA-DF43F182E3E9}"
EndProject
Project("{9A19103F-16F7-4668-BE54-9A1E7A4F7556}") = "WebApi", "WebApi\WebApi.csproj", "{80158CB3-2005-44C0-AF60-9FED2B9753F4}"
EndProject
Global
	GlobalSection(SolutionConfigurationPlatforms) = preSolution
		Debug|Any CPU = Debug|Any CPU
		Release|Any CPU = Release|Any CPU
	EndGlobalSection
	GlobalSection(ProjectConfigurationPlatforms) = postSolution
		{E043CAF0-7448-46EF-B89A-0C819E1CA198}.Debug|Any CPU.ActiveCfg = Debug|Any CPU
		{E043CAF0-7448-46EF-B89A-0C819E1CA198}.Debug|Any CPU.Build.0 = Debug|Any CPU
		{E043CAF0-7448-46EF-B89A-0C819E1CA198}.Release|Any CPU.ActiveCfg = Release|Any CPU
		{E043CAF0-7448-46EF-B89A-0C819E1CA198}.Release|Any CPU.Build.0 = Release|Any CPU
		{A4E0ACF3-EA33-4AA2-AB47-E386D5435071}.Debug|Any CPU.ActiveCfg = Debug|Any CPU
		{A4E0ACF3-EA33-4AA2-AB47-E386D5435071}.Debug|Any CPU.Build.0 = Debug|Any CPU
		{A4E0ACF3-EA33-4AA2-AB47-E386D5435071}.Release|Any CPU.ActiveCfg = Release|Any CPU
		{A4E0ACF3-EA33-4AA2-AB47-E386D5435071}.Release|Any CPU.Build.0 = Release|Any CPU
		{413B4BCF-4694-41E0-A569-1C623F7E8C0E}.Debug|Any CPU.ActiveCfg = Debug|Any CPU
		{413B4BCF-4694-41E0-A569-1C623F7E8C0E}.Debug|Any CPU.Build.0 = Debug|Any CPU
		{413B4BCF-4694-41E0-A569-1C623F7E8C0E}.Release|Any CPU.ActiveCfg = Release|Any CPU
		{413B4BCF-4694-41E0-A569-1C623F7E8C0E}.Release|Any CPU.Build.0 = Release|Any CPU
		{6305D9D2-9291-4D74-8FDA-DF43F182E3E9}.Debug|Any CPU.ActiveCfg = Debug|Any CPU
		{6305D9D2-9291-4D74-8FDA-DF43F182E3E9}.Debug|Any CPU.Build.0 = Debug|Any CPU
		{6305D9D2-9291-4D74-8FDA-DF43F182E3E9}.Release|Any CPU.ActiveCfg = Release|Any CPU
		{6305D9D2-9291-4D74-8FDA-DF43F182E3E9}.Release|Any CPU.Build.0 = Release|Any CPU
		{80158CB3-2005-44C0-AF60-9FED2B9753F4}.Debug|Any CPU.ActiveCfg = Debug|Any CPU
		{80158CB3-2005-44C0-AF60-9FED2B9753F4}.Debug|Any CPU.Build.0 = Debug|Any CPU
		{80158CB3-2005-44C0-AF60-9FED2B9753F4}.Release|Any CPU.ActiveCfg = Release|Any CPU
		{80158CB3-2005-44C0-AF60-9FED2B9753F4}.Release|Any CPU.Build.0 = Release|Any CPU
	EndGlobalSection
	GlobalSection(SolutionProperties) = preSolution
		HideSolutionNode = FALSE
	EndGlobalSection
	GlobalSection(ExtensibilityGlobals) = postSolution
		SolutionGuid = {CCDEFC9C-2014-4050-87E4-EBDFB120AFDA}
	EndGlobalSection
EndGlobal
